// !$*UTF8*$!
{
	archiveVersion = 1;
	classes = {
	};
	objectVersion = 77;
	objects = {

/* Begin PBXBuildFile section */
		17FD043F2DCE4BC50088E272 /* youtube-rating Extension.appex in Embed Foundation Extensions */ = {isa = PBXBuildFile; fileRef = 17FD043E2DCE4BC50088E272 /* youtube-rating Extension.appex */; settings = {ATTRIBUTES = (RemoveHeadersOnCopy, ); }; };
		17FD04492DCE4BC50088E272 /* youtube-rating Extension.appex in Embed Foundation Extensions */ = {isa = PBXBuildFile; fileRef = 17FD04482DCE4BC50088E272 /* youtube-rating Extension.appex */; settings = {ATTRIBUTES = (RemoveHeadersOnCopy, ); }; };
/* End PBXBuildFile section */

/* Begin PBXContainerItemProxy section */
		17FD04402DCE4BC50088E272 /* PBXContainerItemProxy */ = {
			isa = PBXContainerItemProxy;
			containerPortal = 17FD04042DCE4BC10088E272 /* Project object */;
			proxyType = 1;
			remoteGlobalIDString = 17FD043D2DCE4BC50088E272;
			remoteInfo = "youtube-rating Extension (iOS)";
		};
		17FD044A2DCE4BC50088E272 /* PBXContainerItemProxy */ = {
			isa = PBXContainerItemProxy;
			containerPortal = 17FD04042DCE4BC10088E272 /* Project object */;
			proxyType = 1;
			remoteGlobalIDString = 17FD04472DCE4BC50088E272;
			remoteInfo = "youtube-rating Extension (macOS)";
		};
/* End PBXContainerItemProxy section */

/* Begin PBXCopyFilesBuildPhase section */
		17FD04722DCE4BC50088E272 /* Embed Foundation Extensions */ = {
			isa = PBXCopyFilesBuildPhase;
			buildActionMask = 2147483647;
			dstPath = "";
			dstSubfolderSpec = 13;
			files = (
				17FD043F2DCE4BC50088E272 /* youtube-rating Extension.appex in Embed Foundation Extensions */,
			);
			name = "Embed Foundation Extensions";
			runOnlyForDeploymentPostprocessing = 0;
		};
		17FD047C2DCE4BC50088E272 /* Embed Foundation Extensions */ = {
			isa = PBXCopyFilesBuildPhase;
			buildActionMask = 2147483647;
			dstPath = "";
			dstSubfolderSpec = 13;
			files = (
				17FD04492DCE4BC50088E272 /* youtube-rating Extension.appex in Embed Foundation Extensions */,
			);
			name = "Embed Foundation Extensions";
			runOnlyForDeploymentPostprocessing = 0;
		};
/* End PBXCopyFilesBuildPhase section */

/* Begin PBXFileReference section */
		17FD04202DCE4BC40088E272 /* youtube-rating.app */ = {isa = PBXFileReference; explicitFileType = wrapper.application; includeInIndex = 0; path = "youtube-rating.app"; sourceTree = BUILT_PRODUCTS_DIR; };
		17FD04322DCE4BC40088E272 /* youtube-rating.app */ = {isa = PBXFileReference; explicitFileType = wrapper.application; includeInIndex = 0; path = "youtube-rating.app"; sourceTree = BUILT_PRODUCTS_DIR; };
		17FD043E2DCE4BC50088E272 /* youtube-rating Extension.appex */ = {isa = PBXFileReference; explicitFileType = "wrapper.app-extension"; includeInIndex = 0; path = "youtube-rating Extension.appex"; sourceTree = BUILT_PRODUCTS_DIR; };
		17FD04482DCE4BC50088E272 /* youtube-rating Extension.appex */ = {isa = PBXFileReference; explicitFileType = "wrapper.app-extension"; includeInIndex = 0; path = "youtube-rating Extension.appex"; sourceTree = BUILT_PRODUCTS_DIR; };
/* End PBXFileReference section */

/* Begin PBXFileSystemSynchronizedBuildFileExceptionSet section */
		17FD046D2DCE4BC50088E272 /* Exceptions for "Shared (App)" folder in "youtube-rating (iOS)" target */ = {
			isa = PBXFileSystemSynchronizedBuildFileExceptionSet;
			membershipExceptions = (
				"/Localized: Resources/Main.html",
				Assets.xcassets,
				Resources/Icon.png,
				Resources/Script.js,
				Resources/Style.css,
				ViewController.swift,
			);
			target = 17FD041F2DCE4BC40088E272 /* youtube-rating (iOS) */;
		};
		17FD04712DCE4BC50088E272 /* Exceptions for "iOS (Extension)" folder in "youtube-rating Extension (iOS)" target */ = {
			isa = PBXFileSystemSynchronizedBuildFileExceptionSet;
			membershipExceptions = (
				Info.plist,
			);
			target = 17FD043D2DCE4BC50088E272 /* youtube-rating Extension (iOS) */;
		};
		17FD04762DCE4BC50088E272 /* Exceptions for "iOS (App)" folder in "youtube-rating (iOS)" target */ = {
			isa = PBXFileSystemSynchronizedBuildFileExceptionSet;
			membershipExceptions = (
				Info.plist,
			);
			target = 17FD041F2DCE4BC40088E272 /* youtube-rating (iOS) */;
		};
		17FD04772DCE4BC50088E272 /* Exceptions for "Shared (App)" folder in "youtube-rating (macOS)" target */ = {
			isa = PBXFileSystemSynchronizedBuildFileExceptionSet;
			membershipExceptions = (
				"/Localized: Resources/Main.html",
				Assets.xcassets,
				Resources/Icon.png,
				Resources/Script.js,
				Resources/Style.css,
				ViewController.swift,
			);
			target = 17FD04312DCE4BC40088E272 /* youtube-rating (macOS) */;
		};
		17FD047B2DCE4BC50088E272 /* Exceptions for "macOS (Extension)" folder in "youtube-rating Extension (macOS)" target */ = {
			isa = PBXFileSystemSynchronizedBuildFileExceptionSet;
			membershipExceptions = (
				Info.plist,
			);
			target = 17FD04472DCE4BC50088E272 /* youtube-rating Extension (macOS) */;
		};
		17FD04802DCE4BC50088E272 /* Exceptions for "Shared (Extension)" folder in "youtube-rating Extension (iOS)" target */ = {
			isa = PBXFileSystemSynchronizedBuildFileExceptionSet;
			membershipExceptions = (
				Resources/_locales,
				Resources/background.js,
				Resources/content.js,
				Resources/images,
				Resources/manifest.json,
				Resources/popup.css,
				Resources/popup.html,
				Resources/popup.js,
				SafariWebExtensionHandler.swift,
			);
			target = 17FD043D2DCE4BC50088E272 /* youtube-rating Extension (iOS) */;
		};
		17FD04812DCE4BC50088E272 /* Exceptions for "Shared (Extension)" folder in "youtube-rating Extension (macOS)" target */ = {
			isa = PBXFileSystemSynchronizedBuildFileExceptionSet;
			membershipExceptions = (
				Resources/_locales,
				Resources/background.js,
				Resources/content.js,
				Resources/images,
				Resources/manifest.json,
				Resources/popup.css,
				Resources/popup.html,
				Resources/popup.js,
				SafariWebExtensionHandler.swift,
			);
			target = 17FD04472DCE4BC50088E272 /* youtube-rating Extension (macOS) */;
		};
/* End PBXFileSystemSynchronizedBuildFileExceptionSet section */

/* Begin PBXFileSystemSynchronizedRootGroup section */
		17FD04082DCE4BC10088E272 /* Shared (App) */ = {
			isa = PBXFileSystemSynchronizedRootGroup;
			exceptions = (
				17FD046D2DCE4BC50088E272 /* Exceptions for "Shared (App)" folder in "youtube-rating (iOS)" target */,
				17FD04772DCE4BC50088E272 /* Exceptions for "Shared (App)" folder in "youtube-rating (macOS)" target */,
			);
			path = "Shared (App)";
			sourceTree = "<group>";
		};
		17FD04112DCE4BC40088E272 /* Shared (Extension) */ = {
			isa = PBXFileSystemSynchronizedRootGroup;
			exceptions = (
				17FD04802DCE4BC50088E272 /* Exceptions for "Shared (Extension)" folder in "youtube-rating Extension (iOS)" target */,
				17FD04812DCE4BC50088E272 /* Exceptions for "Shared (Extension)" folder in "youtube-rating Extension (macOS)" target */,
			);
			explicitFolders = (
				Resources/_locales,
				Resources/images,
			);
			path = "Shared (Extension)";
			sourceTree = "<group>";
		};
		17FD04222DCE4BC40088E272 /* iOS (App) */ = {
			isa = PBXFileSystemSynchronizedRootGroup;
			exceptions = (
				17FD04762DCE4BC50088E272 /* Exceptions for "iOS (App)" folder in "youtube-rating (iOS)" target */,
			);
			path = "iOS (App)";
			sourceTree = "<group>";
		};
		17FD04332DCE4BC40088E272 /* macOS (App) */ = {
			isa = PBXFileSystemSynchronizedRootGroup;
			path = "macOS (App)";
			sourceTree = "<group>";
		};
		17FD04422DCE4BC50088E272 /* iOS (Extension) */ = {
			isa = PBXFileSystemSynchronizedRootGroup;
			exceptions = (
				17FD04712DCE4BC50088E272 /* Exceptions for "iOS (Extension)" folder in "youtube-rating Extension (iOS)" target */,
			);
			path = "iOS (Extension)";
			sourceTree = "<group>";
		};
		17FD044C2DCE4BC50088E272 /* macOS (Extension) */ = {
			isa = PBXFileSystemSynchronizedRootGroup;
			exceptions = (
				17FD047B2DCE4BC50088E272 /* Exceptions for "macOS (Extension)" folder in "youtube-rating Extension (macOS)" target */,
			);
			path = "macOS (Extension)";
			sourceTree = "<group>";
		};
/* End PBXFileSystemSynchronizedRootGroup section */

/* Begin PBXFrameworksBuildPhase section */
		17FD041D2DCE4BC40088E272 /* Frameworks */ = {
			isa = PBXFrameworksBuildPhase;
			buildActionMask = 2147483647;
			files = (
			);
			runOnlyForDeploymentPostprocessing = 0;
		};
		17FD042F2DCE4BC40088E272 /* Frameworks */ = {
			isa = PBXFrameworksBuildPhase;
			buildActionMask = 2147483647;
			files = (
			);
			runOnlyForDeploymentPostprocessing = 0;
		};
		17FD043B2DCE4BC50088E272 /* Frameworks */ = {
			isa = PBXFrameworksBuildPhase;
			buildActionMask = 2147483647;
			files = (
			);
			runOnlyForDeploymentPostprocessing = 0;
		};
		17FD04452DCE4BC50088E272 /* Frameworks */ = {
			isa = PBXFrameworksBuildPhase;
			buildActionMask = 2147483647;
			files = (
			);
			runOnlyForDeploymentPostprocessing = 0;
		};
/* End PBXFrameworksBuildPhase section */

/* Begin PBXGroup section */
		17FD04032DCE4BC10088E272 = {
			isa = PBXGroup;
			children = (
				17FD04082DCE4BC10088E272 /* Shared (App) */,
				17FD04112DCE4BC40088E272 /* Shared (Extension) */,
				17FD04222DCE4BC40088E272 /* iOS (App) */,
				17FD04332DCE4BC40088E272 /* macOS (App) */,
				17FD04422DCE4BC50088E272 /* iOS (Extension) */,
				17FD044C2DCE4BC50088E272 /* macOS (Extension) */,
				17FD04212DCE4BC40088E272 /* Products */,
			);
			sourceTree = "<group>";
		};
		17FD04212DCE4BC40088E272 /* Products */ = {
			isa = PBXGroup;
			children = (
				17FD04202DCE4BC40088E272 /* youtube-rating.app */,
				17FD04322DCE4BC40088E272 /* youtube-rating.app */,
				17FD043E2DCE4BC50088E272 /* youtube-rating Extension.appex */,
				17FD04482DCE4BC50088E272 /* youtube-rating Extension.appex */,
			);
			name = Products;
			sourceTree = "<group>";
		};
/* End PBXGroup section */

/* Begin PBXNativeTarget section */
		17FD041F2DCE4BC40088E272 /* youtube-rating (iOS) */ = {
			isa = PBXNativeTarget;
			buildConfigurationList = 17FD04732DCE4BC50088E272 /* Build configuration list for PBXNativeTarget "youtube-rating (iOS)" */;
			buildPhases = (
				17FD041C2DCE4BC40088E272 /* Sources */,
				17FD041D2DCE4BC40088E272 /* Frameworks */,
				17FD041E2DCE4BC40088E272 /* Resources */,
				17FD04722DCE4BC50088E272 /* Embed Foundation Extensions */,
			);
			buildRules = (
			);
			dependencies = (
				17FD04412DCE4BC50088E272 /* PBXTargetDependency */,
			);
			fileSystemSynchronizedGroups = (
				17FD04222DCE4BC40088E272 /* iOS (App) */,
			);
			name = "youtube-rating (iOS)";
			packageProductDependencies = (
			);
			productName = "youtube-rating (iOS)";
			productReference = 17FD04202DCE4BC40088E272 /* youtube-rating.app */;
			productType = "com.apple.product-type.application";
		};
		17FD04312DCE4BC40088E272 /* youtube-rating (macOS) */ = {
			isa = PBXNativeTarget;
			buildConfigurationList = 17FD047D2DCE4BC50088E272 /* Build configuration list for PBXNativeTarget "youtube-rating (macOS)" */;
			buildPhases = (
				17FD042E2DCE4BC40088E272 /* Sources */,
				17FD042F2DCE4BC40088E272 /* Frameworks */,
				17FD04302DCE4BC40088E272 /* Resources */,
				17FD047C2DCE4BC50088E272 /* Embed Foundation Extensions */,
			);
			buildRules = (
			);
			dependencies = (
				17FD044B2DCE4BC50088E272 /* PBXTargetDependency */,
			);
			fileSystemSynchronizedGroups = (
				17FD04332DCE4BC40088E272 /* macOS (App) */,
			);
			name = "youtube-rating (macOS)";
			packageProductDependencies = (
			);
			productName = "youtube-rating (macOS)";
			productReference = 17FD04322DCE4BC40088E272 /* youtube-rating.app */;
			productType = "com.apple.product-type.application";
		};
		17FD043D2DCE4BC50088E272 /* youtube-rating Extension (iOS) */ = {
			isa = PBXNativeTarget;
			buildConfigurationList = 17FD046E2DCE4BC50088E272 /* Build configuration list for PBXNativeTarget "youtube-rating Extension (iOS)" */;
			buildPhases = (
				17FD043A2DCE4BC50088E272 /* Sources */,
				17FD043B2DCE4BC50088E272 /* Frameworks */,
				17FD043C2DCE4BC50088E272 /* Resources */,
			);
			buildRules = (
			);
			dependencies = (
			);
			fileSystemSynchronizedGroups = (
				17FD04422DCE4BC50088E272 /* iOS (Extension) */,
			);
			name = "youtube-rating Extension (iOS)";
			packageProductDependencies = (
			);
			productName = "youtube-rating Extension (iOS)";
			productReference = 17FD043E2DCE4BC50088E272 /* youtube-rating Extension.appex */;
			productType = "com.apple.product-type.app-extension";
		};
		17FD04472DCE4BC50088E272 /* youtube-rating Extension (macOS) */ = {
			isa = PBXNativeTarget;
			buildConfigurationList = 17FD04782DCE4BC50088E272 /* Build configuration list for PBXNativeTarget "youtube-rating Extension (macOS)" */;
			buildPhases = (
				17FD04442DCE4BC50088E272 /* Sources */,
				17FD04452DCE4BC50088E272 /* Frameworks */,
				17FD04462DCE4BC50088E272 /* Resources */,
			);
			buildRules = (
			);
			dependencies = (
			);
			fileSystemSynchronizedGroups = (
				17FD044C2DCE4BC50088E272 /* macOS (Extension) */,
			);
			name = "youtube-rating Extension (macOS)";
			packageProductDependencies = (
			);
			productName = "youtube-rating Extension (macOS)";
			productReference = 17FD04482DCE4BC50088E272 /* youtube-rating Extension.appex */;
			productType = "com.apple.product-type.app-extension";
		};
/* End PBXNativeTarget section */

/* Begin PBXProject section */
		17FD04042DCE4BC10088E272 /* Project object */ = {
			isa = PBXProject;
			attributes = {
				BuildIndependentTargetsInParallel = 1;
				LastSwiftUpdateCheck = 1630;
				LastUpgradeCheck = 1630;
				TargetAttributes = {
					17FD041F2DCE4BC40088E272 = {
						CreatedOnToolsVersion = 16.3;
					};
					17FD04312DCE4BC40088E272 = {
						CreatedOnToolsVersion = 16.3;
					};
					17FD043D2DCE4BC50088E272 = {
						CreatedOnToolsVersion = 16.3;
					};
					17FD04472DCE4BC50088E272 = {
						CreatedOnToolsVersion = 16.3;
					};
				};
			};
			buildConfigurationList = 17FD04072DCE4BC10088E272 /* Build configuration list for PBXProject "youtube-rating" */;
			developmentRegion = en;
			hasScannedForEncodings = 0;
			knownRegions = (
				en,
				Base,
			);
			mainGroup = 17FD04032DCE4BC10088E272;
			minimizedProjectReferenceProxies = 1;
			preferredProjectObjectVersion = 77;
			productRefGroup = 17FD04212DCE4BC40088E272 /* Products */;
			projectDirPath = "";
			projectRoot = "";
			targets = (
				17FD041F2DCE4BC40088E272 /* youtube-rating (iOS) */,
				17FD04312DCE4BC40088E272 /* youtube-rating (macOS) */,
				17FD043D2DCE4BC50088E272 /* youtube-rating Extension (iOS) */,
				17FD04472DCE4BC50088E272 /* youtube-rating Extension (macOS) */,
			);
		};
/* End PBXProject section */

/* Begin PBXResourcesBuildPhase section */
		17FD041E2DCE4BC40088E272 /* Resources */ = {
			isa = PBXResourcesBuildPhase;
			buildActionMask = 2147483647;
			files = (
			);
			runOnlyForDeploymentPostprocessing = 0;
		};
		17FD04302DCE4BC40088E272 /* Resources */ = {
			isa = PBXResourcesBuildPhase;
			buildActionMask = 2147483647;
			files = (
			);
			runOnlyForDeploymentPostprocessing = 0;
		};
		17FD043C2DCE4BC50088E272 /* Resources */ = {
			isa = PBXResourcesBuildPhase;
			buildActionMask = 2147483647;
			files = (
			);
			runOnlyForDeploymentPostprocessing = 0;
		};
		17FD04462DCE4BC50088E272 /* Resources */ = {
			isa = PBXResourcesBuildPhase;
			buildActionMask = 2147483647;
			files = (
			);
			runOnlyForDeploymentPostprocessing = 0;
		};
/* End PBXResourcesBuildPhase section */

/* Begin PBXSourcesBuildPhase section */
		17FD041C2DCE4BC40088E272 /* Sources */ = {
			isa = PBXSourcesBuildPhase;
			buildActionMask = 2147483647;
			files = (
			);
			runOnlyForDeploymentPostprocessing = 0;
		};
		17FD042E2DCE4BC40088E272 /* Sources */ = {
			isa = PBXSourcesBuildPhase;
			buildActionMask = 2147483647;
			files = (
			);
			runOnlyForDeploymentPostprocessing = 0;
		};
		17FD043A2DCE4BC50088E272 /* Sources */ = {
			isa = PBXSourcesBuildPhase;
			buildActionMask = 2147483647;
			files = (
			);
			runOnlyForDeploymentPostprocessing = 0;
		};
		17FD04442DCE4BC50088E272 /* Sources */ = {
			isa = PBXSourcesBuildPhase;
			buildActionMask = 2147483647;
			files = (
			);
			runOnlyForDeploymentPostprocessing = 0;
		};
/* End PBXSourcesBuildPhase section */

/* Begin PBXTargetDependency section */
		17FD04412DCE4BC50088E272 /* PBXTargetDependency */ = {
			isa = PBXTargetDependency;
			target = 17FD043D2DCE4BC50088E272 /* youtube-rating Extension (iOS) */;
			targetProxy = 17FD04402DCE4BC50088E272 /* PBXContainerItemProxy */;
		};
		17FD044B2DCE4BC50088E272 /* PBXTargetDependency */ = {
			isa = PBXTargetDependency;
			target = 17FD04472DCE4BC50088E272 /* youtube-rating Extension (macOS) */;
			targetProxy = 17FD044A2DCE4BC50088E272 /* PBXContainerItemProxy */;
		};
/* End PBXTargetDependency section */

/* Begin XCBuildConfiguration section */
		17FD046F2DCE4BC50088E272 /* Debug */ = {
			isa = XCBuildConfiguration;
			buildSettings = {
				CODE_SIGN_STYLE = Automatic;
				CURRENT_PROJECT_VERSION = 1;
				GENERATE_INFOPLIST_FILE = YES;
				INFOPLIST_FILE = "iOS (Extension)/Info.plist";
				INFOPLIST_KEY_CFBundleDisplayName = "youtube-rating Extension";
				INFOPLIST_KEY_NSHumanReadableCopyright = "";
				IPHONEOS_DEPLOYMENT_TARGET = 15.0;
				LD_RUNPATH_SEARCH_PATHS = (
					"$(inherited)",
					"@executable_path/Frameworks",
					"@executable_path/../../Frameworks",
				);
				MARKETING_VERSION = 1.0;
				OTHER_LDFLAGS = (
					"-framework",
					SafariServices,
				);
				PRODUCT_BUNDLE_IDENTIFIER = "KevinKaratassos.youtube-rating.Extension";
				PRODUCT_NAME = "youtube-rating Extension";
				SDKROOT = iphoneos;
				SKIP_INSTALL = YES;
				SWIFT_EMIT_LOC_STRINGS = YES;
				SWIFT_VERSION = 5.0;
				TARGETED_DEVICE_FAMILY = "1,2";
			};
			name = Debug;
		};
		17FD04702DCE4BC50088E272 /* Release */ = {
			isa = XCBuildConfiguration;
			buildSettings = {
				CODE_SIGN_STYLE = Automatic;
				CURRENT_PROJECT_VERSION = 1;
				GENERATE_INFOPLIST_FILE = YES;
				INFOPLIST_FILE = "iOS (Extension)/Info.plist";
				INFOPLIST_KEY_CFBundleDisplayName = "youtube-rating Extension";
				INFOPLIST_KEY_NSHumanReadableCopyright = "";
				IPHONEOS_DEPLOYMENT_TARGET = 15.0;
				LD_RUNPATH_SEARCH_PATHS = (
					"$(inherited)",
					"@executable_path/Frameworks",
					"@executable_path/../../Frameworks",
				);
				MARKETING_VERSION = 1.0;
				OTHER_LDFLAGS = (
					"-framework",
					SafariServices,
				);
				PRODUCT_BUNDLE_IDENTIFIER = "KevinKaratassos.youtube-rating.Extension";
				PRODUCT_NAME = "youtube-rating Extension";
				SDKROOT = iphoneos;
				SKIP_INSTALL = YES;
				SWIFT_EMIT_LOC_STRINGS = YES;
				SWIFT_VERSION = 5.0;
				TARGETED_DEVICE_FAMILY = "1,2";
				VALIDATE_PRODUCT = YES;
			};
			name = Release;
		};
		17FD04742DCE4BC50088E272 /* Debug */ = {
			isa = XCBuildConfiguration;
			buildSettings = {
				ASSETCATALOG_COMPILER_APPICON_NAME = AppIcon;
				ASSETCATALOG_COMPILER_GLOBAL_ACCENT_COLOR_NAME = AccentColor;
				CODE_SIGN_STYLE = Automatic;
				CURRENT_PROJECT_VERSION = 1;
				GENERATE_INFOPLIST_FILE = YES;
				INFOPLIST_FILE = "iOS (App)/Info.plist";
				INFOPLIST_KEY_CFBundleDisplayName = "youtube-rating";
				INFOPLIST_KEY_UIApplicationSupportsIndirectInputEvents = YES;
				INFOPLIST_KEY_UILaunchStoryboardName = LaunchScreen;
				INFOPLIST_KEY_UIMainStoryboardFile = Main;
				INFOPLIST_KEY_UISupportedInterfaceOrientations = "UIInterfaceOrientationPortrait UIInterfaceOrientationLandscapeLeft UIInterfaceOrientationLandscapeRight";
				INFOPLIST_KEY_UISupportedInterfaceOrientations_iPad = "UIInterfaceOrientationPortrait UIInterfaceOrientationPortraitUpsideDown UIInterfaceOrientationLandscapeLeft UIInterfaceOrientationLandscapeRight";
				IPHONEOS_DEPLOYMENT_TARGET = 15.0;
				LD_RUNPATH_SEARCH_PATHS = (
					"$(inherited)",
					"@executable_path/Frameworks",
				);
				MARKETING_VERSION = 1.0;
				OTHER_LDFLAGS = (
					"-framework",
					SafariServices,
					"-framework",
					WebKit,
				);
				PRODUCT_BUNDLE_IDENTIFIER = "KevinKaratassos.youtube-rating";
				PRODUCT_NAME = "youtube-rating";
				SDKROOT = iphoneos;
				SWIFT_EMIT_LOC_STRINGS = YES;
				SWIFT_VERSION = 5.0;
				TARGETED_DEVICE_FAMILY = "1,2";
			};
			name = Debug;
		};
		17FD04752DCE4BC50088E272 /* Release */ = {
			isa = XCBuildConfiguration;
			buildSettings = {
				ASSETCATALOG_COMPILER_APPICON_NAME = AppIcon;
				ASSETCATALOG_COMPILER_GLOBAL_ACCENT_COLOR_NAME = AccentColor;
				CODE_SIGN_STYLE = Automatic;
				CURRENT_PROJECT_VERSION = 1;
				GENERATE_INFOPLIST_FILE = YES;
				INFOPLIST_FILE = "iOS (App)/Info.plist";
				INFOPLIST_KEY_CFBundleDisplayName = "youtube-rating";
				INFOPLIST_KEY_UIApplicationSupportsIndirectInputEvents = YES;
				INFOPLIST_KEY_UILaunchStoryboardName = LaunchScreen;
				INFOPLIST_KEY_UIMainStoryboardFile = Main;
				INFOPLIST_KEY_UISupportedInterfaceOrientations = "UIInterfaceOrientationPortrait UIInterfaceOrientationLandscapeLeft UIInterfaceOrientationLandscapeRight";
				INFOPLIST_KEY_UISupportedInterfaceOrientations_iPad = "UIInterfaceOrientationPortrait UIInterfaceOrientationPortraitUpsideDown UIInterfaceOrientationLandscapeLeft UIInterfaceOrientationLandscapeRight";
				IPHONEOS_DEPLOYMENT_TARGET = 15.0;
				LD_RUNPATH_SEARCH_PATHS = (
					"$(inherited)",
					"@executable_path/Frameworks",
				);
				MARKETING_VERSION = 1.0;
				OTHER_LDFLAGS = (
					"-framework",
					SafariServices,
					"-framework",
					WebKit,
				);
				PRODUCT_BUNDLE_IDENTIFIER = "KevinKaratassos.youtube-rating";
				PRODUCT_NAME = "youtube-rating";
				SDKROOT = iphoneos;
				SWIFT_EMIT_LOC_STRINGS = YES;
				SWIFT_VERSION = 5.0;
				TARGETED_DEVICE_FAMILY = "1,2";
				VALIDATE_PRODUCT = YES;
			};
			name = Release;
		};
		17FD04792DCE4BC50088E272 /* Debug */ = {
			isa = XCBuildConfiguration;
			buildSettings = {
				CODE_SIGN_ENTITLEMENTS = "macOS (Extension)/youtube-rating.entitlements";
				CODE_SIGN_STYLE = Automatic;
				CURRENT_PROJECT_VERSION = 1;
				ENABLE_HARDENED_RUNTIME = YES;
				GENERATE_INFOPLIST_FILE = YES;
				INFOPLIST_FILE = "macOS (Extension)/Info.plist";
				INFOPLIST_KEY_CFBundleDisplayName = "youtube-rating Extension";
				INFOPLIST_KEY_NSHumanReadableCopyright = "";
				LD_RUNPATH_SEARCH_PATHS = (
					"$(inherited)",
					"@executable_path/../Frameworks",
					"@executable_path/../../../../Frameworks",
				);
				MACOSX_DEPLOYMENT_TARGET = 10.14;
				MARKETING_VERSION = 1.0;
				OTHER_LDFLAGS = (
					"-framework",
					SafariServices,
				);
				PRODUCT_BUNDLE_IDENTIFIER = "KevinKaratassos.youtube-rating.Extension";
				PRODUCT_NAME = "youtube-rating Extension";
				SDKROOT = macosx;
				SKIP_INSTALL = YES;
				SWIFT_EMIT_LOC_STRINGS = YES;
				SWIFT_VERSION = 5.0;
			};
			name = Debug;
		};
		17FD047A2DCE4BC50088E272 /* Release */ = {
			isa = XCBuildConfiguration;
			buildSettings = {
				CODE_SIGN_ENTITLEMENTS = "macOS (Extension)/youtube-rating.entitlements";
				CODE_SIGN_STYLE = Automatic;
				CURRENT_PROJECT_VERSION = 1;
				ENABLE_HARDENED_RUNTIME = YES;
				GENERATE_INFOPLIST_FILE = YES;
				INFOPLIST_FILE = "macOS (Extension)/Info.plist";
				INFOPLIST_KEY_CFBundleDisplayName = "youtube-rating Extension";
				INFOPLIST_KEY_NSHumanReadableCopyright = "";
				LD_RUNPATH_SEARCH_PATHS = (
					"$(inherited)",
					"@executable_path/../Frameworks",
					"@executable_path/../../../../Frameworks",
				);
				MACOSX_DEPLOYMENT_TARGET = 10.14;
				MARKETING_VERSION = 1.0;
				OTHER_LDFLAGS = (
					"-framework",
					SafariServices,
				);
				PRODUCT_BUNDLE_IDENTIFIER = "KevinKaratassos.youtube-rating.Extension";
				PRODUCT_NAME = "youtube-rating Extension";
				SDKROOT = macosx;
				SKIP_INSTALL = YES;
				SWIFT_EMIT_LOC_STRINGS = YES;
				SWIFT_VERSION = 5.0;
			};
			name = Release;
		};
		17FD047E2DCE4BC50088E272 /* Debug */ = {
			isa = XCBuildConfiguration;
			buildSettings = {
				ASSETCATALOG_COMPILER_APPICON_NAME = AppIcon;
				ASSETCATALOG_COMPILER_GLOBAL_ACCENT_COLOR_NAME = AccentColor;
				CODE_SIGN_ENTITLEMENTS = "macOS (App)/youtube-rating.entitlements";
				CODE_SIGN_STYLE = Automatic;
				CURRENT_PROJECT_VERSION = 1;
				ENABLE_HARDENED_RUNTIME = YES;
				GENERATE_INFOPLIST_FILE = YES;
				INFOPLIST_KEY_CFBundleDisplayName = "youtube-rating";
				INFOPLIST_KEY_NSMainStoryboardFile = Main;
				INFOPLIST_KEY_NSPrincipalClass = NSApplication;
				LD_RUNPATH_SEARCH_PATHS = (
					"$(inherited)",
					"@executable_path/../Frameworks",
				);
				MACOSX_DEPLOYMENT_TARGET = 10.14;
				MARKETING_VERSION = 1.0;
				OTHER_LDFLAGS = (
					"-framework",
					SafariServices,
					"-framework",
					WebKit,
				);
				PRODUCT_BUNDLE_IDENTIFIER = "KevinKaratassos.youtube-rating";
				PRODUCT_NAME = "youtube-rating";
				REGISTER_APP_GROUPS = YES;
				SDKROOT = macosx;
				SWIFT_EMIT_LOC_STRINGS = YES;
				SWIFT_VERSION = 5.0;
			};
			name = Debug;
		};
		17FD047F2DCE4BC50088E272 /* Release */ = {
			isa = XCBuildConfiguration;
			buildSettings = {
				ASSETCATALOG_COMPILER_APPICON_NAME = AppIcon;
				ASSETCATALOG_COMPILER_GLOBAL_ACCENT_COLOR_NAME = AccentColor;
				CODE_SIGN_ENTITLEMENTS = "macOS (App)/youtube-rating.entitlements";
				CODE_SIGN_STYLE = Automatic;
				CURRENT_PROJECT_VERSION = 1;
				ENABLE_HARDENED_RUNTIME = YES;
				GENERATE_INFOPLIST_FILE = YES;
				INFOPLIST_KEY_CFBundleDisplayName = "youtube-rating";
				INFOPLIST_KEY_NSMainStoryboardFile = Main;
				INFOPLIST_KEY_NSPrincipalClass = NSApplication;
				LD_RUNPATH_SEARCH_PATHS = (
					"$(inherited)",
					"@executable_path/../Frameworks",
				);
				MACOSX_DEPLOYMENT_TARGET = 10.14;
				MARKETING_VERSION = 1.0;
				OTHER_LDFLAGS = (
					"-framework",
					SafariServices,
					"-framework",
					WebKit,
				);
				PRODUCT_BUNDLE_IDENTIFIER = "KevinKaratassos.youtube-rating";
				PRODUCT_NAME = "youtube-rating";
				REGISTER_APP_GROUPS = YES;
				SDKROOT = macosx;
				SWIFT_EMIT_LOC_STRINGS = YES;
				SWIFT_VERSION = 5.0;
			};
			name = Release;
		};
		17FD04822DCE4BC50088E272 /* Debug */ = {
			isa = XCBuildConfiguration;
			buildSettings = {
				ALWAYS_SEARCH_USER_PATHS = NO;
				ASSETCATALOG_COMPILER_GENERATE_SWIFT_ASSET_SYMBOL_EXTENSIONS = YES;
				CLANG_ANALYZER_NONNULL = YES;
				CLANG_ANALYZER_NUMBER_OBJECT_CONVERSION = YES_AGGRESSIVE;
				CLANG_CXX_LANGUAGE_STANDARD = "gnu++20";
				CLANG_ENABLE_MODULES = YES;
				CLANG_ENABLE_OBJC_ARC = YES;
				CLANG_ENABLE_OBJC_WEAK = YES;
				CLANG_WARN_BLOCK_CAPTURE_AUTORELEASING = YES;
				CLANG_WARN_BOOL_CONVERSION = YES;
				CLANG_WARN_COMMA = YES;
				CLANG_WARN_CONSTANT_CONVERSION = YES;
				CLANG_WARN_DEPRECATED_OBJC_IMPLEMENTATIONS = YES;
				CLANG_WARN_DIRECT_OBJC_ISA_USAGE = YES_ERROR;
				CLANG_WARN_DOCUMENTATION_COMMENTS = YES;
				CLANG_WARN_EMPTY_BODY = YES;
				CLANG_WARN_ENUM_CONVERSION = YES;
				CLANG_WARN_INFINITE_RECURSION = YES;
				CLANG_WARN_INT_CONVERSION = YES;
				CLANG_WARN_NON_LITERAL_NULL_CONVERSION = YES;
				CLANG_WARN_OBJC_IMPLICIT_RETAIN_SELF = YES;
				CLANG_WARN_OBJC_LITERAL_CONVERSION = YES;
				CLANG_WARN_OBJC_ROOT_CLASS = YES_ERROR;
				CLANG_WARN_QUOTED_INCLUDE_IN_FRAMEWORK_HEADER = YES;
				CLANG_WARN_RANGE_LOOP_ANALYSIS = YES;
				CLANG_WARN_STRICT_PROTOTYPES = YES;
				CLANG_WARN_SUSPICIOUS_MOVE = YES;
				CLANG_WARN_UNGUARDED_AVAILABILITY = YES_AGGRESSIVE;
				CLANG_WARN_UNREACHABLE_CODE = YES;
				CLANG_WARN__DUPLICATE_METHOD_MATCH = YES;
				COPY_PHASE_STRIP = NO;
				DEBUG_INFORMATION_FORMAT = dwarf;
				ENABLE_STRICT_OBJC_MSGSEND = YES;
				ENABLE_TESTABILITY = YES;
				ENABLE_USER_SCRIPT_SANDBOXING = YES;
				GCC_C_LANGUAGE_STANDARD = gnu17;
				GCC_DYNAMIC_NO_PIC = NO;
				GCC_NO_COMMON_BLOCKS = YES;
				GCC_OPTIMIZATION_LEVEL = 0;
				GCC_PREPROCESSOR_DEFINITIONS = (
					"DEBUG=1",
					"$(inherited)",
				);
				GCC_WARN_64_TO_32_BIT_CONVERSION = YES;
				GCC_WARN_ABOUT_RETURN_TYPE = YES_ERROR;
				GCC_WARN_UNDECLARED_SELECTOR = YES;
				GCC_WARN_UNINITIALIZED_AUTOS = YES_AGGRESSIVE;
				GCC_WARN_UNUSED_FUNCTION = YES;
				GCC_WARN_UNUSED_VARIABLE = YES;
				LOCALIZATION_PREFERS_STRING_CATALOGS = YES;
				MTL_ENABLE_DEBUG_INFO = INCLUDE_SOURCE;
				MTL_FAST_MATH = YES;
				ONLY_ACTIVE_ARCH = YES;
				SWIFT_ACTIVE_COMPILATION_CONDITIONS = "DEBUG $(inherited)";
				SWIFT_OPTIMIZATION_LEVEL = "-Onone";
			};
			name = Debug;
		};
		17FD04832DCE4BC50088E272 /* Release */ = {
			isa = XCBuildConfiguration;
			buildSettings = {
				ALWAYS_SEARCH_USER_PATHS = NO;
				ASSETCATALOG_COMPILER_GENERATE_SWIFT_ASSET_SYMBOL_EXTENSIONS = YES;
				CLANG_ANALYZER_NONNULL = YES;
				CLANG_ANALYZER_NUMBER_OBJECT_CONVERSION = YES_AGGRESSIVE;
				CLANG_CXX_LANGUAGE_STANDARD = "gnu++20";
				CLANG_ENABLE_MODULES = YES;
				CLANG_ENABLE_OBJC_ARC = YES;
				CLANG_ENABLE_OBJC_WEAK = YES;
				CLANG_WARN_BLOCK_CAPTURE_AUTORELEASING = YES;
				CLANG_WARN_BOOL_CONVERSION = YES;
				CLANG_WARN_COMMA = YES;
				CLANG_WARN_CONSTANT_CONVERSION = YES;
				CLANG_WARN_DEPRECATED_OBJC_IMPLEMENTATIONS = YES;
				CLANG_WARN_DIRECT_OBJC_ISA_USAGE = YES_ERROR;
				CLANG_WARN_DOCUMENTATION_COMMENTS = YES;
				CLANG_WARN_EMPTY_BODY = YES;
				CLANG_WARN_ENUM_CONVERSION = YES;
				CLANG_WARN_INFINITE_RECURSION = YES;
				CLANG_WARN_INT_CONVERSION = YES;
				CLANG_WARN_NON_LITERAL_NULL_CONVERSION = YES;
				CLANG_WARN_OBJC_IMPLICIT_RETAIN_SELF = YES;
				CLANG_WARN_OBJC_LITERAL_CONVERSION = YES;
				CLANG_WARN_OBJC_ROOT_CLASS = YES_ERROR;
				CLANG_WARN_QUOTED_INCLUDE_IN_FRAMEWORK_HEADER = YES;
				CLANG_WARN_RANGE_LOOP_ANALYSIS = YES;
				CLANG_WARN_STRICT_PROTOTYPES = YES;
				CLANG_WARN_SUSPICIOUS_MOVE = YES;
				CLANG_WARN_UNGUARDED_AVAILABILITY = YES_AGGRESSIVE;
				CLANG_WARN_UNREACHABLE_CODE = YES;
				CLANG_WARN__DUPLICATE_METHOD_MATCH = YES;
				COPY_PHASE_STRIP = NO;
				DEBUG_INFORMATION_FORMAT = "dwarf-with-dsym";
				ENABLE_NS_ASSERTIONS = NO;
				ENABLE_STRICT_OBJC_MSGSEND = YES;
				ENABLE_USER_SCRIPT_SANDBOXING = YES;
				GCC_C_LANGUAGE_STANDARD = gnu17;
				GCC_NO_COMMON_BLOCKS = YES;
				GCC_WARN_64_TO_32_BIT_CONVERSION = YES;
				GCC_WARN_ABOUT_RETURN_TYPE = YES_ERROR;
				GCC_WARN_UNDECLARED_SELECTOR = YES;
				GCC_WARN_UNINITIALIZED_AUTOS = YES_AGGRESSIVE;
				GCC_WARN_UNUSED_FUNCTION = YES;
				GCC_WARN_UNUSED_VARIABLE = YES;
				LOCALIZATION_PREFERS_STRING_CATALOGS = YES;
				MTL_ENABLE_DEBUG_INFO = NO;
				MTL_FAST_MATH = YES;
				SWIFT_COMPILATION_MODE = wholemodule;
			};
			name = Release;
		};
/* End XCBuildConfiguration section */

/* Begin XCConfigurationList section */
		17FD04072DCE4BC10088E272 /* Build configuration list for PBXProject "youtube-rating" */ = {
			isa = XCConfigurationList;
			buildConfigurations = (
				17FD04822DCE4BC50088E272 /* Debug */,
				17FD04832DCE4BC50088E272 /* Release */,
			);
			defaultConfigurationIsVisible = 0;
			defaultConfigurationName = Release;
		};
		17FD046E2DCE4BC50088E272 /* Build configuration list for PBXNativeTarget "youtube-rating Extension (iOS)" */ = {
			isa = XCConfigurationList;
			buildConfigurations = (
				17FD046F2DCE4BC50088E272 /* Debug */,
				17FD04702DCE4BC50088E272 /* Release */,
			);
			defaultConfigurationIsVisible = 0;
			defaultConfigurationName = Release;
		};
		17FD04732DCE4BC50088E272 /* Build configuration list for PBXNativeTarget "youtube-rating (iOS)" */ = {
			isa = XCConfigurationList;
			buildConfigurations = (
				17FD04742DCE4BC50088E272 /* Debug */,
				17FD04752DCE4BC50088E272 /* Release */,
			);
			defaultConfigurationIsVisible = 0;
			defaultConfigurationName = Release;
		};
		17FD04782DCE4BC50088E272 /* Build configuration list for PBXNativeTarget "youtube-rating Extension (macOS)" */ = {
			isa = XCConfigurationList;
			buildConfigurations = (
				17FD04792DCE4BC50088E272 /* Debug */,
				17FD047A2DCE4BC50088E272 /* Release */,
			);
			defaultConfigurationIsVisible = 0;
			defaultConfigurationName = Release;
		};
		17FD047D2DCE4BC50088E272 /* Build configuration list for PBXNativeTarget "youtube-rating (macOS)" */ = {
			isa = XCConfigurationList;
			buildConfigurations = (
				17FD047E2DCE4BC50088E272 /* Debug */,
				17FD047F2DCE4BC50088E272 /* Release */,
			);
			defaultConfigurationIsVisible = 0;
			defaultConfigurationName = Release;
		};
/* End XCConfigurationList section */
	};
	rootObject = 17FD04042DCE4BC10088E272 /* Project object */;
}
